<?xml version="1.0" encoding="utf-8"?>
<Project ToolsVersion="4.0" xmlns="http://schemas.microsoft.com/developer/msbuild/2003">
  <ItemGroup>
    <Filter Include="Source Files">
      <UniqueIdentifier>{4FC737F1-C7A5-4376-A066-2A32D752A2FF}</UniqueIdentifier>
      <Extensions>cpp;c;cc;cxx;c++;cppm;ixx;def;odl;idl;hpj;bat;asm;asmx</Extensions>
    </Filter>
    <Filter Include="Header Files">
      <UniqueIdentifier>{93995380-89BD-4b04-88EB-625FBE52EBFB}</UniqueIdentifier>
      <Extensions>h;hh;hpp;hxx;h++;hm;inl;inc;ipp;xsd</Extensions>
    </Filter>
    <Filter Include="Resource Files">
      <UniqueIdentifier>{67DA6AB6-F800-4c08-8B7A-83BB121AAD01}</UniqueIdentifier>
      <Extensions>rc;ico;cur;bmp;dlg;rc2;rct;bin;rgs;gif;jpg;jpeg;jpe;resx;tiff;tif;png;wav;mfcribbon-ms</Extensions>
    </Filter>
  </ItemGroup>
  <ItemGroup>
    <Text Include="zutaten.txt">
      <Filter>Resource Files</Filter>
    </Text>
  </ItemGroup>
  <ItemGroup>
    <ClCompile Include="CocktailPro.cpp">
      <Filter>Source Files</Filter>
    </ClCompile>
    <ClCompile Include="Main.cpp">
      <Filter>Source Files</Filter>
    </ClCompile>
    <ClCompile Include="CocktailZubereiter.cpp">
      <Filter>Source Files</Filter>
    </ClCompile>
    <ClCompile Include="RecipeBook.cpp">
      <Filter>Source Files</Filter>
    </ClCompile>
    <ClCompile Include="VorhandeneZutaten.cpp">
      <Filter>Source Files</Filter>
    </ClCompile>
    <ClCompile Include="MischbaresRezeptbuch.cpp">
      <Filter>Source Files</Filter>
    </ClCompile>
    <ClCompile Include="Waage.cpp">
      <Filter>Source Files</Filter>
    </ClCompile>
    <ClCompile Include="Timer.cpp">
      <Filter>Source Files</Filter>
    </ClCompile>
    <ClCompile Include="Subject.cpp">
      <Filter>Source Files</Filter>
    </ClCompile>
    <ClCompile Include="Stampfer.cpp">
      <Filter>Source Files</Filter>
    </ClCompile>
    <ClCompile Include="Schuettler.cpp">
      <Filter>Source Files</Filter>
    </ClCompile>
    <ClCompile Include="RecipeStep.cpp">
      <Filter>Source Files</Filter>
    </ClCompile>
    <ClCompile Include="Recipe.cpp">
      <Filter>Source Files</Filter>
    </ClCompile>
    <ClCompile Include="Mixer.cpp">
      <Filter>Source Files</Filter>
    </ClCompile>
    <ClCompile Include="InternalDevice.cpp">
      <Filter>Source Files</Filter>
    </ClCompile>
    <ClCompile Include="Entleerer.cpp">
      <Filter>Source Files</Filter>
    </ClCompile>
    <ClCompile Include="Dosierer.cpp">
      <Filter>Source Files</Filter>
    </ClCompile>
    <ClCompile Include="DeviceVerwalter.cpp">
      <Filter>Source Files</Filter>
    </ClCompile>
  </ItemGroup>
  <ItemGroup>
    <ClInclude Include="MischbaresRezeptbuch.h">
      <Filter>Header Files</Filter>
    </ClInclude>
    <ClInclude Include="CocktailZubereiter.h">
      <Filter>Header Files</Filter>
    </ClInclude>
    <ClInclude Include="VorhandeneZutaten.h">
      <Filter>Header Files</Filter>
    </ClInclude>
    <ClInclude Include="CocktailPro.h">
      <Filter>Header Files</Filter>
    </ClInclude>
    <ClInclude Include="Waage.h">
      <Filter>Header Files</Filter>
    </ClInclude>
    <ClInclude Include="Timer.h">
      <Filter>Header Files</Filter>
    </ClInclude>
    <ClInclude Include="Subject.h">
      <Filter>Header Files</Filter>
    </ClInclude>
    <ClInclude Include="Stampfer.h">
      <Filter>Header Files</Filter>
    </ClInclude>
    <ClInclude Include="Schuettler.h">
      <Filter>Header Files</Filter>
    </ClInclude>
    <ClInclude Include="RecipeStep.h">
      <Filter>Header Files</Filter>
    </ClInclude>
    <ClInclude Include="RecipeBook.h">
      <Filter>Header Files</Filter>
    </ClInclude>
    <ClInclude Include="Recipe.h">
      <Filter>Header Files</Filter>
    </ClInclude>
    <ClInclude Include="Observer.h">
      <Filter>Header Files</Filter>
    </ClInclude>
    <ClInclude Include="Mixer.h">
      <Filter>Header Files</Filter>
    </ClInclude>
    <ClInclude Include="InternalDevice.h">
      <Filter>Header Files</Filter>
    </ClInclude>
    <ClInclude Include="Entleerer.h">
      <Filter>Header Files</Filter>
    </ClInclude>
    <ClInclude Include="Dosierer.h">
      <Filter>Header Files</Filter>
    </ClInclude>
    <ClInclude Include="DeviceVerwalter.h">
      <Filter>Header Files</Filter>
    </ClInclude>
  </ItemGroup>
</Project>